
Microsoft Visual Studio Solution File, Format Version 12.00
# Visual Studio 15
VisualStudioVersion = 15.0.26430.4
MinimumVisualStudioVersion = 10.0.40219.1
Project("{D954291E-2A0B-460D-934E-DC6B0785DB48}") = "CashConverter", "CashConverter\CashConverter\CashConverter.shproj", "{FC199558-CC27-4796-91CE-2B67C1E758BB}"
EndProject
Project("{FAE04EC0-301F-11D3-BF4B-00C04F79EFBC}") = "CashConverter.Android", "CashConverter\CashConverter.Android\CashConverter.Android.csproj", "{B7BF0D86-1FCF-4C9D-949A-53AD9EAE8B26}"
EndProject
Project("{FAE04EC0-301F-11D3-BF4B-00C04F79EFBC}") = "CashConverter.iOS", "CashConverter\CashConverter.iOS\CashConverter.iOS.csproj", "{F3595F62-C312-40C0-AE97-C7780A761D80}"
EndProject
Global
	GlobalSection(SharedMSBuildProjectFiles) = preSolution
		CashConverter\CashConverter\CashConverter.projitems*{b7bf0d86-1fcf-4c9d-949a-53ad9eae8b26}*SharedItemsImports = 4
		CashConverter\CashConverter\CashConverter.projitems*{f3595f62-c312-40c0-ae97-c7780a761d80}*SharedItemsImports = 4
		CashConverter\CashConverter\CashConverter.projitems*{fc199558-cc27-4796-91ce-2b67c1e758bb}*SharedItemsImports = 13
	EndGlobalSection
	GlobalSection(SolutionConfigurationPlatforms) = preSolution
		Ad-Hoc|Any CPU = Ad-Hoc|Any CPU
		Ad-Hoc|ARM = Ad-Hoc|ARM
		Ad-Hoc|iPhone = Ad-Hoc|iPhone
		Ad-Hoc|iPhoneSimulator = Ad-Hoc|iPhoneSimulator
		Ad-Hoc|x64 = Ad-Hoc|x64
		Ad-Hoc|x86 = Ad-Hoc|x86
		AppStore|Any CPU = AppStore|Any CPU
		AppStore|ARM = AppStore|ARM
		AppStore|iPhone = AppStore|iPhone
		AppStore|iPhoneSimulator = AppStore|iPhoneSimulator
		AppStore|x64 = AppStore|x64
		AppStore|x86 = AppStore|x86
		Debug|Any CPU = Debug|Any CPU
		Debug|ARM = Debug|ARM
		Debug|iPhone = Debug|iPhone
		Debug|iPhoneSimulator = Debug|iPhoneSimulator
		Debug|x64 = Debug|x64
		Debug|x86 = Debug|x86
		Release|Any CPU = Release|Any CPU
		Release|ARM = Release|ARM
		Release|iPhone = Release|iPhone
		Release|iPhoneSimulator = Release|iPhoneSimulator
		Release|x64 = Release|x64
		Release|x86 = Release|x86
	EndGlobalSection
	GlobalSection(ProjectConfigurationPlatforms) = postSolution
		{B7BF0D86-1FCF-4C9D-949A-53AD9EAE8B26}.Ad-Hoc|Any CPU.ActiveCfg = Release|Any CPU
		{B7BF0D86-1FCF-4C9D-949A-53AD9EAE8B26}.Ad-Hoc|Any CPU.Build.0 = Release|Any CPU
		{B7BF0D86-1FCF-4C9D-949A-53AD9EAE8B26}.Ad-Hoc|Any CPU.Deploy.0 = Release|Any CPU
		{B7BF0D86-1FCF-4C9D-949A-53AD9EAE8B26}.Ad-Hoc|ARM.ActiveCfg = Release|Any CPU
		{B7BF0D86-1FCF-4C9D-949A-53AD9EAE8B26}.Ad-Hoc|ARM.Build.0 = Release|Any CPU
		{B7BF0D86-1FCF-4C9D-949A-53AD9EAE8B26}.Ad-Hoc|ARM.Deploy.0 = Release|Any CPU
		{B7BF0D86-1FCF-4C9D-949A-53AD9EAE8B26}.Ad-Hoc|iPhone.ActiveCfg = Release|Any CPU
		{B7BF0D86-1FCF-4C9D-949A-53AD9EAE8B26}.Ad-Hoc|iPhone.Build.0 = Release|Any CPU
		{B7BF0D86-1FCF-4C9D-949A-53AD9EAE8B26}.Ad-Hoc|iPhone.Deploy.0 = Release|Any CPU
		{B7BF0D86-1FCF-4C9D-949A-53AD9EAE8B26}.Ad-Hoc|iPhoneSimulator.ActiveCfg = Release|Any CPU
		{B7BF0D86-1FCF-4C9D-949A-53AD9EAE8B26}.Ad-Hoc|iPhoneSimulator.Build.0 = Release|Any CPU
		{B7BF0D86-1FCF-4C9D-949A-53AD9EAE8B26}.Ad-Hoc|iPhoneSimulator.Deploy.0 = Release|Any CPU
		{B7BF0D86-1FCF-4C9D-949A-53AD9EAE8B26}.Ad-Hoc|x64.ActiveCfg = Release|Any CPU
		{B7BF0D86-1FCF-4C9D-949A-53AD9EAE8B26}.Ad-Hoc|x64.Build.0 = Release|Any CPU
		{B7BF0D86-1FCF-4C9D-949A-53AD9EAE8B26}.Ad-Hoc|x64.Deploy.0 = Release|Any CPU
		{B7BF0D86-1FCF-4C9D-949A-53AD9EAE8B26}.Ad-Hoc|x86.ActiveCfg = Release|Any CPU
		{B7BF0D86-1FCF-4C9D-949A-53AD9EAE8B26}.Ad-Hoc|x86.Build.0 = Release|Any CPU
		{B7BF0D86-1FCF-4C9D-949A-53AD9EAE8B26}.Ad-Hoc|x86.Deploy.0 = Release|Any CPU
		{B7BF0D86-1FCF-4C9D-949A-53AD9EAE8B26}.AppStore|Any CPU.ActiveCfg = Release|Any CPU
		{B7BF0D86-1FCF-4C9D-949A-53AD9EAE8B26}.AppStore|Any CPU.Build.0 = Release|Any CPU
		{B7BF0D86-1FCF-4C9D-949A-53AD9EAE8B26}.AppStore|Any CPU.Deploy.0 = Release|Any CPU
		{B7BF0D86-1FCF-4C9D-949A-53AD9EAE8B26}.AppStore|ARM.ActiveCfg = Release|Any CPU
		{B7BF0D86-1FCF-4C9D-949A-53AD9EAE8B26}.AppStore|ARM.Build.0 = Release|Any CPU
		{B7BF0D86-1FCF-4C9D-949A-53AD9EAE8B26}.AppStore|ARM.Deploy.0 = Release|Any CPU
		{B7BF0D86-1FCF-4C9D-949A-53AD9EAE8B26}.AppStore|iPhone.ActiveCfg = Release|Any CPU
		{B7BF0D86-1FCF-4C9D-949A-53AD9EAE8B26}.AppStore|iPhone.Build.0 = Release|Any CPU
		{B7BF0D86-1FCF-4C9D-949A-53AD9EAE8B26}.AppStore|iPhone.Deploy.0 = Release|Any CPU
		{B7BF0D86-1FCF-4C9D-949A-53AD9EAE8B26}.AppStore|iPhoneSimulator.ActiveCfg = Release|Any CPU
		{B7BF0D86-1FCF-4C9D-949A-53AD9EAE8B26}.AppStore|iPhoneSimulator.Build.0 = Release|Any CPU
		{B7BF0D86-1FCF-4C9D-949A-53AD9EAE8B26}.AppStore|iPhoneSimulator.Deploy.0 = Release|Any CPU
		{B7BF0D86-1FCF-4C9D-949A-53AD9EAE8B26}.AppStore|x64.ActiveCfg = Release|Any CPU
		{B7BF0D86-1FCF-4C9D-949A-53AD9EAE8B26}.AppStore|x64.Build.0 = Release|Any CPU
		{B7BF0D86-1FCF-4C9D-949A-53AD9EAE8B26}.AppStore|x64.Deploy.0 = Release|Any CPU
		{B7BF0D86-1FCF-4C9D-949A-53AD9EAE8B26}.AppStore|x86.ActiveCfg = Release|Any CPU
		{B7BF0D86-1FCF-4C9D-949A-53AD9EAE8B26}.AppStore|x86.Build.0 = Release|Any CPU
		{B7BF0D86-1FCF-4C9D-949A-53AD9EAE8B26}.AppStore|x86.Deploy.0 = Release|Any CPU
		{B7BF0D86-1FCF-4C9D-949A-53AD9EAE8B26}.Debug|Any CPU.ActiveCfg = Debug|Any CPU
		{B7BF0D86-1FCF-4C9D-949A-53AD9EAE8B26}.Debug|Any CPU.Build.0 = Debug|Any CPU
		{B7BF0D86-1FCF-4C9D-949A-53AD9EAE8B26}.Debug|Any CPU.Deploy.0 = Debug|Any CPU
		{B7BF0D86-1FCF-4C9D-949A-53AD9EAE8B26}.Debug|ARM.ActiveCfg = Debug|Any CPU
		{B7BF0D86-1FCF-4C9D-949A-53AD9EAE8B26}.Debug|ARM.Build.0 = Debug|Any CPU
		{B7BF0D86-1FCF-4C9D-949A-53AD9EAE8B26}.Debug|ARM.Deploy.0 = Debug|Any CPU
		{B7BF0D86-1FCF-4C9D-949A-53AD9EAE8B26}.Debug|iPhone.ActiveCfg = Debug|Any CPU
		{B7BF0D86-1FCF-4C9D-949A-53AD9EAE8B26}.Debug|iPhone.Build.0 = Debug|Any CPU
		{B7BF0D86-1FCF-4C9D-949A-53AD9EAE8B26}.Debug|iPhone.Deploy.0 = Debug|Any CPU
		{B7BF0D86-1FCF-4C9D-949A-53AD9EAE8B26}.Debug|iPhoneSimulator.ActiveCfg = Debug|Any CPU
		{B7BF0D86-1FCF-4C9D-949A-53AD9EAE8B26}.Debug|iPhoneSimulator.Build.0 = Debug|Any CPU
		{B7BF0D86-1FCF-4C9D-949A-53AD9EAE8B26}.Debug|iPhoneSimulator.Deploy.0 = Debug|Any CPU
		{B7BF0D86-1FCF-4C9D-949A-53AD9EAE8B26}.Debug|x64.ActiveCfg = Debug|Any CPU
		{B7BF0D86-1FCF-4C9D-949A-53AD9EAE8B26}.Debug|x64.Build.0 = Debug|Any CPU
		{B7BF0D86-1FCF-4C9D-949A-53AD9EAE8B26}.Debug|x64.Deploy.0 = Debug|Any CPU
		{B7BF0D86-1FCF-4C9D-949A-53AD9EAE8B26}.Debug|x86.ActiveCfg = Debug|Any CPU
		{B7BF0D86-1FCF-4C9D-949A-53AD9EAE8B26}.Debug|x86.Build.0 = Debug|Any CPU
		{B7BF0D86-1FCF-4C9D-949A-53AD9EAE8B26}.Debug|x86.Deploy.0 = Debug|Any CPU
		{B7BF0D86-1FCF-4C9D-949A-53AD9EAE8B26}.Release|Any CPU.ActiveCfg = Release|Any CPU
		{B7BF0D86-1FCF-4C9D-949A-53AD9EAE8B26}.Release|Any CPU.Build.0 = Release|Any CPU
		{B7BF0D86-1FCF-4C9D-949A-53AD9EAE8B26}.Release|Any CPU.Deploy.0 = Release|Any CPU
		{B7BF0D86-1FCF-4C9D-949A-53AD9EAE8B26}.Release|ARM.ActiveCfg = Release|Any CPU
		{B7BF0D86-1FCF-4C9D-949A-53AD9EAE8B26}.Release|ARM.Build.0 = Release|Any CPU
		{B7BF0D86-1FCF-4C9D-949A-53AD9EAE8B26}.Release|ARM.Deploy.0 = Release|Any CPU
		{B7BF0D86-1FCF-4C9D-949A-53AD9EAE8B26}.Release|iPhone.ActiveCfg = Release|Any CPU
		{B7BF0D86-1FCF-4C9D-949A-53AD9EAE8B26}.Release|iPhone.Build.0 = Release|Any CPU
		{B7BF0D86-1FCF-4C9D-949A-53AD9EAE8B26}.Release|iPhone.Deploy.0 = Release|Any CPU
		{B7BF0D86-1FCF-4C9D-949A-53AD9EAE8B26}.Release|iPhoneSimulator.ActiveCfg = Release|Any CPU
		{B7BF0D86-1FCF-4C9D-949A-53AD9EAE8B26}.Release|iPhoneSimulator.Build.0 = Release|Any CPU
		{B7BF0D86-1FCF-4C9D-949A-53AD9EAE8B26}.Release|iPhoneSimulator.Deploy.0 = Release|Any CPU
		{B7BF0D86-1FCF-4C9D-949A-53AD9EAE8B26}.Release|x64.ActiveCfg = Release|Any CPU
		{B7BF0D86-1FCF-4C9D-949A-53AD9EAE8B26}.Release|x64.Build.0 = Release|Any CPU
		{B7BF0D86-1FCF-4C9D-949A-53AD9EAE8B26}.Release|x64.Deploy.0 = Release|Any CPU
		{B7BF0D86-1FCF-4C9D-949A-53AD9EAE8B26}.Release|x86.ActiveCfg = Release|Any CPU
		{B7BF0D86-1FCF-4C9D-949A-53AD9EAE8B26}.Release|x86.Build.0 = Release|Any CPU
		{B7BF0D86-1FCF-4C9D-949A-53AD9EAE8B26}.Release|x86.Deploy.0 = Release|Any CPU
		{F3595F62-C312-40C0-AE97-C7780A761D80}.Ad-Hoc|Any CPU.ActiveCfg = Ad-Hoc|iPhone
		{F3595F62-C312-40C0-AE97-C7780A761D80}.Ad-Hoc|ARM.ActiveCfg = Ad-Hoc|iPhone
		{F3595F62-C312-40C0-AE97-C7780A761D80}.Ad-Hoc|iPhone.ActiveCfg = Ad-Hoc|iPhone
		{F3595F62-C312-40C0-AE97-C7780A761D80}.Ad-Hoc|iPhone.Build.0 = Ad-Hoc|iPhone
		{F3595F62-C312-40C0-AE97-C7780A761D80}.Ad-Hoc|iPhoneSimulator.ActiveCfg = Ad-Hoc|iPhoneSimulator
		{F3595F62-C312-40C0-AE97-C7780A761D80}.Ad-Hoc|iPhoneSimulator.Build.0 = Ad-Hoc|iPhoneSimulator
		{F3595F62-C312-40C0-AE97-C7780A761D80}.Ad-Hoc|x64.ActiveCfg = Ad-Hoc|iPhone
		{F3595F62-C312-40C0-AE97-C7780A761D80}.Ad-Hoc|x86.ActiveCfg = Ad-Hoc|iPhone
		{F3595F62-C312-40C0-AE97-C7780A761D80}.AppStore|Any CPU.ActiveCfg = AppStore|iPhone
		{F3595F62-C312-40C0-AE97-C7780A761D80}.AppStore|ARM.ActiveCfg = AppStore|iPhone
		{F3595F62-C312-40C0-AE97-C7780A761D80}.AppStore|iPhone.ActiveCfg = AppStore|iPhone
		{F3595F62-C312-40C0-AE97-C7780A761D80}.AppStore|iPhone.Build.0 = AppStore|iPhone
		{F3595F62-C312-40C0-AE97-C7780A761D80}.AppStore|iPhoneSimulator.ActiveCfg = AppStore|iPhoneSimulator
		{F3595F62-C312-40C0-AE97-C7780A761D80}.AppStore|iPhoneSimulator.Build.0 = AppStore|iPhoneSimulator
		{F3595F62-C312-40C0-AE97-C7780A761D80}.AppStore|x64.ActiveCfg = AppStore|iPhone
		{F3595F62-C312-40C0-AE97-C7780A761D80}.AppStore|x86.ActiveCfg = AppStore|iPhone
		{F3595F62-C312-40C0-AE97-C7780A761D80}.Debug|Any CPU.ActiveCfg = Debug|iPhone
		{F3595F62-C312-40C0-AE97-C7780A761D80}.Debug|ARM.ActiveCfg = Debug|iPhone
		{F3595F62-C312-40C0-AE97-C7780A761D80}.Debug|iPhone.ActiveCfg = Debug|iPhone
		{F3595F62-C312-40C0-AE97-C7780A761D80}.Debug|iPhone.Build.0 = Debug|iPhone
		{F3595F62-C312-40C0-AE97-C7780A761D80}.Debug|iPhoneSimulator.ActiveCfg = Debug|iPhoneSimulator
		{F3595F62-C312-40C0-AE97-C7780A761D80}.Debug|iPhoneSimulator.Build.0 = Debug|iPhoneSimulator
		{F3595F62-C312-40C0-AE97-C7780A761D80}.Debug|x64.ActiveCfg = Debug|iPhone
		{F3595F62-C312-40C0-AE97-C7780A761D80}.Debug|x86.ActiveCfg = Debug|iPhone
		{F3595F62-C312-40C0-AE97-C7780A761D80}.Release|Any CPU.ActiveCfg = Release|iPhone
		{F3595F62-C312-40C0-AE97-C7780A761D80}.Release|ARM.ActiveCfg = Release|iPhone
		{F3595F62-C312-40C0-AE97-C7780A761D80}.Release|iPhone.ActiveCfg = Release|iPhone
		{F3595F62-C312-40C0-AE97-C7780A761D80}.Release|iPhone.Build.0 = Release|iPhone
		{F3595F62-C312-40C0-AE97-C7780A761D80}.Release|iPhoneSimulator.ActiveCfg = Release|iPhoneSimulator
		{F3595F62-C312-40C0-AE97-C7780A761D80}.Release|iPhoneSimulator.Build.0 = Release|iPhoneSimulator
		{F3595F62-C312-40C0-AE97-C7780A761D80}.Release|x64.ActiveCfg = Release|iPhone
		{F3595F62-C312-40C0-AE97-C7780A761D80}.Release|x86.ActiveCfg = Release|iPhone
	EndGlobalSection
	GlobalSection(SolutionProperties) = preSolution
		HideSolutionNode = FALSE
	EndGlobalSection
EndGlobal
