
Microsoft Visual Studio Solution File, Format Version 12.00
# Visual Studio 15
VisualStudioVersion = 15.0.28010.2026
MinimumVisualStudioVersion = 10.0.40219.1
Project("{FAE04EC0-301F-11D3-BF4B-00C04F79EFBC}") = "GetJobsByMachine", "GetJobsByMachine\GetJobsByMachine.csproj", "{2B70854C-5C12-46F8-9BA4-C9450428F91D}"
EndProject
Global
	GlobalSection(SolutionConfigurationPlatforms) = preSolution
		Debug|Any CPU = Debug|Any CPU
		Release|Any CPU = Release|Any CPU
	EndGlobalSection
	GlobalSection(ProjectConfigurationPlatforms) = postSolution
		{2B70854C-5C12-46F8-9BA4-C9450428F91D}.Debug|Any CPU.ActiveCfg = Debug|Any CPU
		{2B70854C-5C12-46F8-9BA4-C9450428F91D}.Debug|Any CPU.Build.0 = Debug|Any CPU
		{2B70854C-5C12-46F8-9BA4-C9450428F91D}.Release|Any CPU.ActiveCfg = Release|Any CPU
		{2B70854C-5C12-46F8-9BA4-C9450428F91D}.Release|Any CPU.Build.0 = Release|Any CPU
	EndGlobalSection
	GlobalSection(SolutionProperties) = preSolution
		HideSolutionNode = FALSE
	EndGlobalSection
	GlobalSection(ExtensibilityGlobals) = postSolution
		SolutionGuid = {63472216-9F16-48FD-8BE0-7A25B27ED9E9}
	EndGlobalSection
EndGlobal
