
Microsoft Visual Studio Solution File, Format Version 12.00
# Visual Studio 15
VisualStudioVersion = 15.0.28010.2026
MinimumVisualStudioVersion = 10.0.40219.1
Project("{FAE04EC0-301F-11D3-BF4B-00C04F79EFBC}") = "AutoSys_JobDependency_Crawler", "AutoSys_JobDependency_Crawler\AutoSys_JobDependency_Crawler.csproj", "{9F5B7906-03DF-4036-9A65-4D8F58F9412D}"
EndProject
Global
	GlobalSection(SolutionConfigurationPlatforms) = preSolution
		Debug|Any CPU = Debug|Any CPU
		Release|Any CPU = Release|Any CPU
	EndGlobalSection
	GlobalSection(ProjectConfigurationPlatforms) = postSolution
		{9F5B7906-03DF-4036-9A65-4D8F58F9412D}.Debug|Any CPU.ActiveCfg = Debug|Any CPU
		{9F5B7906-03DF-4036-9A65-4D8F58F9412D}.Debug|Any CPU.Build.0 = Debug|Any CPU
		{9F5B7906-03DF-4036-9A65-4D8F58F9412D}.Release|Any CPU.ActiveCfg = Release|Any CPU
		{9F5B7906-03DF-4036-9A65-4D8F58F9412D}.Release|Any CPU.Build.0 = Release|Any CPU
	EndGlobalSection
	GlobalSection(SolutionProperties) = preSolution
		HideSolutionNode = FALSE
	EndGlobalSection
	GlobalSection(ExtensibilityGlobals) = postSolution
		SolutionGuid = {D380F258-A416-4480-B64A-FC398150C63C}
	EndGlobalSection
EndGlobal
